{
	"name": "KindEditor",
	"version": "4.1.12",
	"lockfileVersion": 2,
	"requires": true,
	"packages": {
		"": {
			"name": "KindEditor",
			"version": "4.1.12",
			"license": "LGPL-2.1",
			"devDependencies": {
				"grunt": "~0.4.1",
				"grunt-contrib-compress": "~0.5.3",
				"grunt-contrib-concat": "~0.3.0",
				"grunt-contrib-uglify": "~0.2.7"
			}
		},
		"node_modules/abbrev": {
			"version": "1.1.1",
			"resolved": "https://registry.npmmirror.com/abbrev/download/abbrev-1.1.1.tgz",
			"integrity": "sha1-+PLIh60Qv2f2NPAFtph/7TF5qsg=",
			"dev": true
		},
		"node_modules/amdefine": {
			"version": "1.0.1",
			"resolved": "https://registry.npmmirror.com/amdefine/download/amdefine-1.0.1.tgz",
			"integrity": "sha1-SlKCrBZHKek2Gbz9OtFR+BfOkfU=",
			"dev": true,
			"engines": {
				"node": ">=0.4.2"
			}
		},
		"node_modules/archiver": {
			"version": "0.4.10",
			"resolved": "https://registry.npmmirror.com/archiver/download/archiver-0.4.10.tgz",
			"integrity": "sha1-3w/qyPHRKV5ezrOiBVWQctIfR0c=",
			"dev": true,
			"dependencies": {
				"iconv-lite": "~0.2.11",
				"readable-stream": "~1.0.2"
			},
			"engines": {
				"node": ">= 0.6.3"
			}
		},
		"node_modules/argparse": {
			"version": "0.1.16",
			"resolved": "https://registry.npmmirror.com/argparse/download/argparse-0.1.16.tgz",
			"integrity": "sha1-z9AeD7uj1srtBJ+9dY1A9lGW9Xw=",
			"dev": true,
			"dependencies": {
				"underscore": "~1.7.0",
				"underscore.string": "~2.4.0"
			}
		},
		"node_modules/argparse/node_modules/underscore.string": {
			"version": "2.4.0",
			"resolved": "https://registry.npmmirror.com/underscore.string/download/underscore.string-2.4.0.tgz",
			"integrity": "sha1-jN2PusTi0uoefi6Al8QvRCKA+Fs=",
			"dev": true,
			"engines": {
				"node": "*"
			}
		},
		"node_modules/async": {
			"version": "0.1.22",
			"resolved": "https://registry.npmmirror.com/async/download/async-0.1.22.tgz",
			"integrity": "sha1-D8GqoIig4+8Ovi2IMbqw3PiEUGE=",
			"dev": true,
			"engines": {
				"node": "*"
			}
		},
		"node_modules/camelcase": {
			"version": "1.2.1",
			"resolved": "https://registry.npmmirror.com/camelcase/download/camelcase-1.2.1.tgz",
			"integrity": "sha512-wzLkDa4K/mzI1OSITC+DUyjgIl/ETNHE9QvYgy6J6Jvqyyz4C0Xfd+lQhb19sX2jMpZV4IssUn0VDVmglV+s4g==",
			"dev": true,
			"engines": {
				"node": ">=0.10.0"
			}
		},
		"node_modules/coffee-script": {
			"version": "1.3.3",
			"resolved": "https://registry.npmmirror.com/coffee-script/download/coffee-script-1.3.3.tgz",
			"integrity": "sha1-FQ1rTLUiiUNp7+1qIQHCC8f0pPQ=",
			"deprecated": "CoffeeScript on NPM has moved to \"coffeescript\" (no hyphen)",
			"dev": true,
			"bin": {
				"cake": "bin/cake",
				"coffee": "bin/coffee"
			},
			"engines": {
				"node": ">=0.4.0"
			}
		},
		"node_modules/colors": {
			"version": "0.6.2",
			"resolved": "https://registry.npmmirror.com/colors/download/colors-0.6.2.tgz",
			"integrity": "sha1-JCP+ZnisDF2uiFLl0OW+CMmXq8w=",
			"dev": true,
			"engines": {
				"node": ">=0.1.90"
			}
		},
		"node_modules/core-util-is": {
			"version": "1.0.3",
			"resolved": "https://registry.npmmirror.com/core-util-is/download/core-util-is-1.0.3.tgz",
			"integrity": "sha1-pgQtNjTCsn6TKPg3uWX6yDgI24U=",
			"dev": true
		},
		"node_modules/dateformat": {
			"version": "1.0.2-1.2.3",
			"resolved": "https://registry.npmmirror.com/dateformat/download/dateformat-1.0.2-1.2.3.tgz",
			"integrity": "sha1-sCIMAt6YYXQztyhRz0fePfLNvuk=",
			"dev": true,
			"engines": {
				"node": "*"
			}
		},
		"node_modules/decamelize": {
			"version": "1.2.0",
			"resolved": "https://registry.npmmirror.com/decamelize/download/decamelize-1.2.0.tgz",
			"integrity": "sha1-9lNNFRSCabIDUue+4m9QH5oZEpA=",
			"dev": true,
			"engines": {
				"node": ">=0.10.0"
			}
		},
		"node_modules/esprima": {
			"version": "1.0.4",
			"resolved": "https://registry.npmmirror.com/esprima/download/esprima-1.0.4.tgz",
			"integrity": "sha1-n1V+CPw7TSbs6d00+Pv0drYlha0=",
			"dev": true,
			"bin": {
				"esparse": "bin/esparse.js",
				"esvalidate": "bin/esvalidate.js"
			},
			"engines": {
				"node": ">=0.4.0"
			}
		},
		"node_modules/eventemitter2": {
			"version": "0.4.14",
			"resolved": "https://registry.npmmirror.com/eventemitter2/download/eventemitter2-0.4.14.tgz",
			"integrity": "sha1-j2G3XN4BKy6esoTUVFWDtWQ7Yas=",
			"dev": true
		},
		"node_modules/exit": {
			"version": "0.1.2",
			"resolved": "https://registry.npmmirror.com/exit/download/exit-0.1.2.tgz",
			"integrity": "sha1-BjJjj42HfMghB9MKD/8aF8uhzQw=",
			"dev": true,
			"engines": {
				"node": ">= 0.8.0"
			}
		},
		"node_modules/findup-sync": {
			"version": "0.1.3",
			"resolved": "https://registry.npmmirror.com/findup-sync/download/findup-sync-0.1.3.tgz?cache=0&sync_timestamp=1635766400385&other_urls=https%3A%2F%2Fregistry.npmmirror.com%2Ffindup-sync%2Fdownload%2Ffindup-sync-0.1.3.tgz",
			"integrity": "sha1-fz56l7gjksZTvwZYm9hRkOk8NoM=",
			"dev": true,
			"dependencies": {
				"glob": "~3.2.9",
				"lodash": "~2.4.1"
			},
			"engines": {
				"node": ">= 0.6.0"
			}
		},
		"node_modules/findup-sync/node_modules/glob": {
			"version": "3.2.11",
			"resolved": "https://registry.npmmirror.com/glob/download/glob-3.2.11.tgz",
			"integrity": "sha512-hVb0zwEZwC1FXSKRPFTeOtN7AArJcJlI6ULGLtrstaswKNlrTJqAA+1lYlSUop4vjA423xlBzqfVS3iWGlqJ+g==",
			"dev": true,
			"dependencies": {
				"inherits": "2",
				"minimatch": "0.3"
			},
			"engines": {
				"node": "*"
			}
		},
		"node_modules/findup-sync/node_modules/inherits": {
			"version": "2.0.4",
			"resolved": "https://registry.npmmirror.com/inherits/download/inherits-2.0.4.tgz",
			"integrity": "sha1-D6LGT5MpF8NDOg3tVTY6rjdBa3w=",
			"dev": true
		},
		"node_modules/findup-sync/node_modules/lodash": {
			"version": "2.4.2",
			"resolved": "https://registry.npmmirror.com/lodash/download/lodash-2.4.2.tgz",
			"integrity": "sha512-Kak1hi6/hYHGVPmdyiZijoQyz5x2iGVzs6w9GYB/HiXEtylY7tIoYEROMjvM1d9nXJqPOrG2MNPMn01bJ+S0Rw==",
			"dev": true,
			"engines": [
				"node",
				"rhino"
			]
		},
		"node_modules/findup-sync/node_modules/minimatch": {
			"version": "0.3.0",
			"resolved": "https://registry.npmmirror.com/minimatch/download/minimatch-0.3.0.tgz",
			"integrity": "sha1-J12O2qxPG7MyZHIInnlJyDlGmd0=",
			"deprecated": "Please update to minimatch 3.0.2 or higher to avoid a RegExp DoS issue",
			"dev": true,
			"dependencies": {
				"lru-cache": "2",
				"sigmund": "~1.0.0"
			},
			"engines": {
				"node": "*"
			}
		},
		"node_modules/getobject": {
			"version": "0.1.0",
			"resolved": "https://registry.npmmirror.com/getobject/download/getobject-0.1.0.tgz",
			"integrity": "sha1-BHpEl4n6Fg0Bj1SG7ZEyC27HiFw=",
			"dev": true,
			"engines": {
				"node": ">= 0.8.0"
			}
		},
		"node_modules/glob": {
			"version": "3.1.21",
			"resolved": "https://registry.npmmirror.com/glob/download/glob-3.1.21.tgz",
			"integrity": "sha512-ANhy2V2+tFpRajE3wN4DhkNQ08KDr0Ir1qL12/cUe5+a7STEK8jkW4onUYuY8/06qAFuT5je7mjAqzx0eKI2tQ==",
			"dev": true,
			"dependencies": {
				"graceful-fs": "~1.2.0",
				"inherits": "1",
				"minimatch": "~0.2.11"
			},
			"engines": {
				"node": "*"
			}
		},
		"node_modules/graceful-fs": {
			"version": "1.2.3",
			"resolved": "https://registry.npmmirror.com/graceful-fs/download/graceful-fs-1.2.3.tgz",
			"integrity": "sha1-FaSAaldUfLLS2/J/QuiajDRRs2Q=",
			"deprecated": "please upgrade to graceful-fs 4 for compatibility with current and future versions of Node.js",
			"dev": true,
			"engines": {
				"node": ">=0.4.0"
			}
		},
		"node_modules/grunt": {
			"version": "0.4.5",
			"resolved": "https://registry.npmmirror.com/grunt/download/grunt-0.4.5.tgz",
			"integrity": "sha1-VpN81RlDJK3/bSB2MYMqnWuk5/A=",
			"dev": true,
			"dependencies": {
				"async": "~0.1.22",
				"coffee-script": "~1.3.3",
				"colors": "~0.6.2",
				"dateformat": "1.0.2-1.2.3",
				"eventemitter2": "~0.4.13",
				"exit": "~0.1.1",
				"findup-sync": "~0.1.2",
				"getobject": "~0.1.0",
				"glob": "~3.1.21",
				"grunt-legacy-log": "~0.1.0",
				"grunt-legacy-util": "~0.2.0",
				"hooker": "~0.2.3",
				"iconv-lite": "~0.2.11",
				"js-yaml": "~2.0.5",
				"lodash": "~0.9.2",
				"minimatch": "~0.2.12",
				"nopt": "~1.0.10",
				"rimraf": "~2.2.8",
				"underscore.string": "~2.2.1",
				"which": "~1.0.5"
			},
			"engines": {
				"node": ">= 0.8.0"
			}
		},
		"node_modules/grunt-contrib-compress": {
			"version": "0.5.3",
			"resolved": "https://registry.npmmirror.com/grunt-contrib-compress/download/grunt-contrib-compress-0.5.3.tgz",
			"integrity": "sha1-ujtbL/Q4xFMFeeaWLKuAaWWA6+0=",
			"dev": true,
			"dependencies": {
				"archiver": "~0.4.2",
				"lazystream": "~0.1.0",
				"prettysize": "~0.0.2"
			},
			"engines": {
				"node": ">= 0.8.0"
			},
			"peerDependencies": {
				"grunt": "~0.4.0"
			}
		},
		"node_modules/grunt-contrib-concat": {
			"version": "0.3.0",
			"resolved": "https://registry.npmmirror.com/grunt-contrib-concat/download/grunt-contrib-concat-0.3.0.tgz",
			"integrity": "sha1-SPoNQzbSm2U62CJaa9b4VrRIPjI=",
			"dev": true,
			"engines": {
				"node": ">= 0.8.0"
			},
			"peerDependencies": {
				"grunt": "~0.4.0"
			}
		},
		"node_modules/grunt-contrib-uglify": {
			"version": "0.2.7",
			"resolved": "https://registry.npmmirror.com/grunt-contrib-uglify/download/grunt-contrib-uglify-0.2.7.tgz",
			"integrity": "sha1-5r2lHgxAoUWfbOrUI8Ze/XJaG/c=",
			"dev": true,
			"dependencies": {
				"grunt-lib-contrib": "~0.6.1",
				"uglify-js": "~2.4.0"
			},
			"engines": {
				"node": ">= 0.8.0"
			},
			"peerDependencies": {
				"grunt": "~0.4.0"
			}
		},
		"node_modules/grunt-legacy-log": {
			"version": "0.1.3",
			"resolved": "https://registry.npmmirror.com/grunt-legacy-log/download/grunt-legacy-log-0.1.3.tgz",
			"integrity": "sha1-7ClCboAwIa9ZAp+H0vnNczWgVTE=",
			"dev": true,
			"dependencies": {
				"colors": "~0.6.2",
				"grunt-legacy-log-utils": "~0.1.1",
				"hooker": "~0.2.3",
				"lodash": "~2.4.1",
				"underscore.string": "~2.3.3"
			},
			"engines": {
				"node": ">= 0.8.0"
			}
		},
		"node_modules/grunt-legacy-log-utils": {
			"version": "0.1.1",
			"resolved": "https://registry.npmmirror.com/grunt-legacy-log-utils/download/grunt-legacy-log-utils-0.1.1.tgz",
			"integrity": "sha1-wHBrndkGThFvNvI/5OawSGcsD34=",
			"dev": true,
			"dependencies": {
				"colors": "~0.6.2",
				"lodash": "~2.4.1",
				"underscore.string": "~2.3.3"
			},
			"engines": {
				"node": ">= 0.8.0"
			}
		},
		"node_modules/grunt-legacy-log-utils/node_modules/lodash": {
			"version": "2.4.2",
			"resolved": "https://registry.npmmirror.com/lodash/download/lodash-2.4.2.tgz",
			"integrity": "sha512-Kak1hi6/hYHGVPmdyiZijoQyz5x2iGVzs6w9GYB/HiXEtylY7tIoYEROMjvM1d9nXJqPOrG2MNPMn01bJ+S0Rw==",
			"dev": true,
			"engines": [
				"node",
				"rhino"
			]
		},
		"node_modules/grunt-legacy-log-utils/node_modules/underscore.string": {
			"version": "2.3.3",
			"resolved": "https://registry.npmmirror.com/underscore.string/download/underscore.string-2.3.3.tgz",
			"integrity": "sha1-ccCL9rQosRM/N+ePo6Icgvcymw0=",
			"dev": true,
			"engines": {
				"node": "*"
			}
		},
		"node_modules/grunt-legacy-log/node_modules/lodash": {
			"version": "2.4.2",
			"resolved": "https://registry.npmmirror.com/lodash/download/lodash-2.4.2.tgz",
			"integrity": "sha512-Kak1hi6/hYHGVPmdyiZijoQyz5x2iGVzs6w9GYB/HiXEtylY7tIoYEROMjvM1d9nXJqPOrG2MNPMn01bJ+S0Rw==",
			"dev": true,
			"engines": [
				"node",
				"rhino"
			]
		},
		"node_modules/grunt-legacy-log/node_modules/underscore.string": {
			"version": "2.3.3",
			"resolved": "https://registry.npmmirror.com/underscore.string/download/underscore.string-2.3.3.tgz",
			"integrity": "sha1-ccCL9rQosRM/N+ePo6Icgvcymw0=",
			"dev": true,
			"engines": {
				"node": "*"
			}
		},
		"node_modules/grunt-legacy-util": {
			"version": "0.2.0",
			"resolved": "https://registry.npmmirror.com/grunt-legacy-util/download/grunt-legacy-util-0.2.0.tgz",
			"integrity": "sha1-kzJIhNv343qf98Am3/RR2UqeVUs=",
			"dev": true,
			"dependencies": {
				"async": "~0.1.22",
				"exit": "~0.1.1",
				"getobject": "~0.1.0",
				"hooker": "~0.2.3",
				"lodash": "~0.9.2",
				"underscore.string": "~2.2.1",
				"which": "~1.0.5"
			},
			"engines": {
				"node": ">= 0.8.0"
			}
		},
		"node_modules/grunt-lib-contrib": {
			"version": "0.6.1",
			"resolved": "https://registry.npmmirror.com/grunt-lib-contrib/download/grunt-lib-contrib-0.6.1.tgz",
			"integrity": "sha1-P1att9oG6BR5XuJBWw6+X7iQPrs=",
			"dev": true,
			"dependencies": {
				"zlib-browserify": "0.0.1"
			},
			"engines": {
				"node": ">= 0.8.0"
			}
		},
		"node_modules/hooker": {
			"version": "0.2.3",
			"resolved": "https://registry.npmmirror.com/hooker/download/hooker-0.2.3.tgz",
			"integrity": "sha1-uDT3I8xKJCqmWWNFnfbZhMXT2Vk=",
			"dev": true,
			"engines": {
				"node": "*"
			}
		},
		"node_modules/iconv-lite": {
			"version": "0.2.11",
			"resolved": "https://registry.npmmirror.com/iconv-lite/download/iconv-lite-0.2.11.tgz",
			"integrity": "sha1-HOYKOleGSiktEyH/RgnKS7llrcg=",
			"dev": true,
			"engines": {
				"node": ">=0.4.0"
			}
		},
		"node_modules/inherits": {
			"version": "1.0.2",
			"resolved": "https://registry.npmmirror.com/inherits/download/inherits-1.0.2.tgz",
			"integrity": "sha1-ykMJ2t7mtUzAuNJH6NfHoJdb3Js=",
			"dev": true
		},
		"node_modules/isarray": {
			"version": "0.0.1",
			"resolved": "https://registry.npmmirror.com/isarray/download/isarray-0.0.1.tgz",
			"integrity": "sha1-ihis/Kmo9Bd+Cav8YDiTmwXR7t8=",
			"dev": true
		},
		"node_modules/js-yaml": {
			"version": "2.0.5",
			"resolved": "https://registry.npmmirror.com/js-yaml/download/js-yaml-2.0.5.tgz",
			"integrity": "sha512-VEKcIksckDBUhg2JS874xVouiPkywVUh4yyUmLCDe1Zg3bCd6M+F1eGPenPeHLc2XC8pp9G8bsuofK0NeEqRkA==",
			"dev": true,
			"dependencies": {
				"argparse": "~ 0.1.11",
				"esprima": "~ 1.0.2"
			},
			"bin": {
				"js-yaml": "bin/js-yaml.js"
			},
			"engines": {
				"node": ">= 0.6.0"
			}
		},
		"node_modules/lazystream": {
			"version": "0.1.0",
			"resolved": "https://registry.npmmirror.com/lazystream/download/lazystream-0.1.0.tgz?cache=0&sync_timestamp=1635318197718&other_urls=https%3A%2F%2Fregistry.npmmirror.com%2Flazystream%2Fdownload%2Flazystream-0.1.0.tgz",
			"integrity": "sha1-GyXWPHcqTCDwpe0KnXf0hLbhaSA=",
			"dev": true,
			"dependencies": {
				"readable-stream": "~1.0.2"
			},
			"engines": {
				"node": ">= 0.6.3"
			}
		},
		"node_modules/lodash": {
			"version": "0.9.2",
			"resolved": "https://registry.npmmirror.com/lodash/download/lodash-0.9.2.tgz",
			"integrity": "sha512-LVbt/rjK62gSbhehDVKL0vlaime4Y1IBixL+bKeNfoY4L2zab/jGrxU6Ka05tMA/zBxkTk5t3ivtphdyYupczw==",
			"dev": true,
			"engines": [
				"node",
				"rhino"
			]
		},
		"node_modules/lru-cache": {
			"version": "2.7.3",
			"resolved": "https://registry.npmmirror.com/lru-cache/download/lru-cache-2.7.3.tgz",
			"integrity": "sha1-bUUk6LlV+V1PW1iFHOId1y+06VI=",
			"dev": true
		},
		"node_modules/minimatch": {
			"version": "0.2.14",
			"resolved": "https://registry.npmmirror.com/minimatch/download/minimatch-0.2.14.tgz",
			"integrity": "sha1-x054BXT2PG+aCQ6Q775u9TpqdWo=",
			"deprecated": "Please update to minimatch 3.0.2 or higher to avoid a RegExp DoS issue",
			"dev": true,
			"dependencies": {
				"lru-cache": "2",
				"sigmund": "~1.0.0"
			},
			"engines": {
				"node": "*"
			}
		},
		"node_modules/nopt": {
			"version": "1.0.10",
			"resolved": "https://registry.npmmirror.com/nopt/download/nopt-1.0.10.tgz",
			"integrity": "sha1-bd0hvSoxQXuScn3Vhfim83YI6+4=",
			"dev": true,
			"dependencies": {
				"abbrev": "1"
			},
			"bin": {
				"nopt": "bin/nopt.js"
			},
			"engines": {
				"node": "*"
			}
		},
		"node_modules/prettysize": {
			"version": "0.0.3",
			"resolved": "https://registry.npmmirror.com/prettysize/download/prettysize-0.0.3.tgz",
			"integrity": "sha1-FK//amReWRpN3xxykZwjtBRhgaE=",
			"dev": true
		},
		"node_modules/readable-stream": {
			"version": "1.0.34",
			"resolved": "https://registry.npmmirror.com/readable-stream/download/readable-stream-1.0.34.tgz",
			"integrity": "sha1-Elgg40vIQtLyqq+v5MKRbuMsFXw=",
			"dev": true,
			"dependencies": {
				"core-util-is": "~1.0.0",
				"inherits": "~2.0.1",
				"isarray": "0.0.1",
				"string_decoder": "~0.10.x"
			}
		},
		"node_modules/readable-stream/node_modules/inherits": {
			"version": "2.0.4",
			"resolved": "https://registry.npmmirror.com/inherits/download/inherits-2.0.4.tgz",
			"integrity": "sha1-D6LGT5MpF8NDOg3tVTY6rjdBa3w=",
			"dev": true
		},
		"node_modules/rimraf": {
			"version": "2.2.8",
			"resolved": "https://registry.npmmirror.com/rimraf/download/rimraf-2.2.8.tgz",
			"integrity": "sha1-5Dm+Kq7jJzIZUnMPmaiSnk/FBYI=",
			"dev": true,
			"bin": {
				"rimraf": "bin.js"
			}
		},
		"node_modules/sigmund": {
			"version": "1.0.1",
			"resolved": "https://registry.npmmirror.com/sigmund/download/sigmund-1.0.1.tgz",
			"integrity": "sha1-P/IfGYytIXX587eBhT/ZTQ0ZtZA=",
			"dev": true
		},
		"node_modules/source-map": {
			"version": "0.1.34",
			"resolved": "https://registry.npmmirror.com/source-map/download/source-map-0.1.34.tgz?cache=0&sync_timestamp=1632388784710&other_urls=https%3A%2F%2Fregistry.npmmirror.com%2Fsource-map%2Fdownload%2Fsource-map-0.1.34.tgz",
			"integrity": "sha1-p8/omux7FoLDsZjQrPtH19CQVms=",
			"dev": true,
			"dependencies": {
				"amdefine": ">=0.0.4"
			},
			"engines": {
				"node": ">=0.8.0"
			}
		},
		"node_modules/string_decoder": {
			"version": "0.10.31",
			"resolved": "https://registry.npmmirror.com/string_decoder/download/string_decoder-0.10.31.tgz",
			"integrity": "sha1-YuIDvEF2bGwoyfyEMB2rHFMQ+pQ=",
			"dev": true
		},
		"node_modules/uglify-js": {
			"version": "2.4.24",
			"resolved": "https://registry.npmmirror.com/uglify-js/download/uglify-js-2.4.24.tgz",
			"integrity": "sha1-+tV1XB4Vd2WLsG/5q25UjJW+vW4=",
			"dev": true,
			"dependencies": {
				"async": "~0.2.6",
				"source-map": "0.1.34",
				"uglify-to-browserify": "~1.0.0",
				"yargs": "~3.5.4"
			},
			"bin": {
				"uglifyjs": "bin/uglifyjs"
			},
			"engines": {
				"node": ">=0.4.0"
			}
		},
		"node_modules/uglify-js/node_modules/async": {
			"version": "0.2.10",
			"resolved": "https://registry.npmmirror.com/async/download/async-0.2.10.tgz",
			"integrity": "sha1-trvgsGdLnXGXCMo43owjfLUmw9E=",
			"dev": true
		},
		"node_modules/uglify-to-browserify": {
			"version": "1.0.2",
			"resolved": "https://registry.npmmirror.com/uglify-to-browserify/download/uglify-to-browserify-1.0.2.tgz",
			"integrity": "sha1-bgkk1r2mta/jSeOabWMoUKD4grc=",
			"dev": true
		},
		"node_modules/underscore": {
			"version": "1.7.0",
			"resolved": "https://registry.npmmirror.com/underscore/download/underscore-1.7.0.tgz",
			"integrity": "sha512-cp0oQQyZhUM1kpJDLdGO1jPZHgS/MpzoWYfe9+CM2h/QGDZlqwT2T3YGukuBdaNJ/CAPoeyAZRRHz8JFo176vA==",
			"dev": true
		},
		"node_modules/underscore.string": {
			"version": "2.2.1",
			"resolved": "https://registry.npmmirror.com/underscore.string/download/underscore.string-2.2.1.tgz",
			"integrity": "sha1-18D6KvXVoaZ/QlPa7pgTLnM/Dxk=",
			"dev": true,
			"engines": {
				"node": "*"
			}
		},
		"node_modules/which": {
			"version": "1.0.9",
			"resolved": "https://registry.npmmirror.com/which/download/which-1.0.9.tgz",
			"integrity": "sha1-RgwdoPgQED0DIam2M6+eV15kSG8=",
			"dev": true,
			"bin": {
				"which": "bin/which"
			}
		},
		"node_modules/window-size": {
			"version": "0.1.0",
			"resolved": "https://registry.npmmirror.com/window-size/download/window-size-0.1.0.tgz",
			"integrity": "sha1-VDjNLqk7IC76Ohn+iIeu58lPnJ0=",
			"dev": true,
			"engines": {
				"node": ">= 0.8.0"
			}
		},
		"node_modules/wordwrap": {
			"version": "0.0.2",
			"resolved": "https://registry.npmmirror.com/wordwrap/download/wordwrap-0.0.2.tgz",
			"integrity": "sha1-t5Zpu0LstAn4PVg8rVLKF+qhZD8=",
			"dev": true,
			"engines": {
				"node": ">=0.4.0"
			}
		},
		"node_modules/yargs": {
			"version": "3.5.4",
			"resolved": "https://registry.npmmirror.com/yargs/download/yargs-3.5.4.tgz",
			"integrity": "sha1-2K/49mXpTDS9JZvevRv68N3TU2E=",
			"dev": true,
			"dependencies": {
				"camelcase": "^1.0.2",
				"decamelize": "^1.0.0",
				"window-size": "0.1.0",
				"wordwrap": "0.0.2"
			}
		},
		"node_modules/zlib-browserify": {
			"version": "0.0.1",
			"resolved": "https://registry.npmmirror.com/zlib-browserify/download/zlib-browserify-0.0.1.tgz",
			"integrity": "sha1-T6akXQDbwV8xikr6HZr8Aljhdsw=",
			"dev": true
		}
	},
	"dependencies": {
		"abbrev": {
			"version": "1.1.1",
			"resolved": "https://registry.npmmirror.com/abbrev/download/abbrev-1.1.1.tgz",
			"integrity": "sha1-+PLIh60Qv2f2NPAFtph/7TF5qsg=",
			"dev": true
		},
		"amdefine": {
			"version": "1.0.1",
			"resolved": "https://registry.npmmirror.com/amdefine/download/amdefine-1.0.1.tgz",
			"integrity": "sha1-SlKCrBZHKek2Gbz9OtFR+BfOkfU=",
			"dev": true
		},
		"archiver": {
			"version": "0.4.10",
			"resolved": "https://registry.npmmirror.com/archiver/download/archiver-0.4.10.tgz",
			"integrity": "sha1-3w/qyPHRKV5ezrOiBVWQctIfR0c=",
			"dev": true,
			"requires": {
				"iconv-lite": "~0.2.11",
				"readable-stream": "~1.0.2"
			}
		},
		"argparse": {
			"version": "0.1.16",
			"resolved": "https://registry.npmmirror.com/argparse/download/argparse-0.1.16.tgz",
			"integrity": "sha1-z9AeD7uj1srtBJ+9dY1A9lGW9Xw=",
			"dev": true,
			"requires": {
				"underscore": "~1.7.0",
				"underscore.string": "~2.4.0"
			},
			"dependencies": {
				"underscore.string": {
					"version": "2.4.0",
					"resolved": "https://registry.npmmirror.com/underscore.string/download/underscore.string-2.4.0.tgz",
					"integrity": "sha1-jN2PusTi0uoefi6Al8QvRCKA+Fs=",
					"dev": true
				}
			}
		},
		"async": {
			"version": "0.1.22",
			"resolved": "https://registry.npmmirror.com/async/download/async-0.1.22.tgz",
			"integrity": "sha1-D8GqoIig4+8Ovi2IMbqw3PiEUGE=",
			"dev": true
		},
		"camelcase": {
			"version": "1.2.1",
			"resolved": "https://registry.npmmirror.com/camelcase/download/camelcase-1.2.1.tgz",
			"integrity": "sha512-wzLkDa4K/mzI1OSITC+DUyjgIl/ETNHE9QvYgy6J6Jvqyyz4C0Xfd+lQhb19sX2jMpZV4IssUn0VDVmglV+s4g==",
			"dev": true
		},
		"coffee-script": {
			"version": "1.3.3",
			"resolved": "https://registry.npmmirror.com/coffee-script/download/coffee-script-1.3.3.tgz",
			"integrity": "sha1-FQ1rTLUiiUNp7+1qIQHCC8f0pPQ=",
			"dev": true
		},
		"colors": {
			"version": "0.6.2",
			"resolved": "https://registry.npmmirror.com/colors/download/colors-0.6.2.tgz",
			"integrity": "sha1-JCP+ZnisDF2uiFLl0OW+CMmXq8w=",
			"dev": true
		},
		"core-util-is": {
			"version": "1.0.3",
			"resolved": "https://registry.npmmirror.com/core-util-is/download/core-util-is-1.0.3.tgz",
			"integrity": "sha1-pgQtNjTCsn6TKPg3uWX6yDgI24U=",
			"dev": true
		},
		"dateformat": {
			"version": "1.0.2-1.2.3",
			"resolved": "https://registry.npmmirror.com/dateformat/download/dateformat-1.0.2-1.2.3.tgz",
			"integrity": "sha1-sCIMAt6YYXQztyhRz0fePfLNvuk=",
			"dev": true
		},
		"decamelize": {
			"version": "1.2.0",
			"resolved": "https://registry.npmmirror.com/decamelize/download/decamelize-1.2.0.tgz",
			"integrity": "sha1-9lNNFRSCabIDUue+4m9QH5oZEpA=",
			"dev": true
		},
		"esprima": {
			"version": "1.0.4",
			"resolved": "https://registry.npmmirror.com/esprima/download/esprima-1.0.4.tgz",
			"integrity": "sha1-n1V+CPw7TSbs6d00+Pv0drYlha0=",
			"dev": true
		},
		"eventemitter2": {
			"version": "0.4.14",
			"resolved": "https://registry.npmmirror.com/eventemitter2/download/eventemitter2-0.4.14.tgz",
			"integrity": "sha1-j2G3XN4BKy6esoTUVFWDtWQ7Yas=",
			"dev": true
		},
		"exit": {
			"version": "0.1.2",
			"resolved": "https://registry.npmmirror.com/exit/download/exit-0.1.2.tgz",
			"integrity": "sha1-BjJjj42HfMghB9MKD/8aF8uhzQw=",
			"dev": true
		},
		"findup-sync": {
			"version": "0.1.3",
			"resolved": "https://registry.npmmirror.com/findup-sync/download/findup-sync-0.1.3.tgz?cache=0&sync_timestamp=1635766400385&other_urls=https%3A%2F%2Fregistry.npmmirror.com%2Ffindup-sync%2Fdownload%2Ffindup-sync-0.1.3.tgz",
			"integrity": "sha1-fz56l7gjksZTvwZYm9hRkOk8NoM=",
			"dev": true,
			"requires": {
				"glob": "~3.2.9",
				"lodash": "~2.4.1"
			},
			"dependencies": {
				"glob": {
					"version": "3.2.11",
					"resolved": "https://registry.npmmirror.com/glob/download/glob-3.2.11.tgz",
					"integrity": "sha512-hVb0zwEZwC1FXSKRPFTeOtN7AArJcJlI6ULGLtrstaswKNlrTJqAA+1lYlSUop4vjA423xlBzqfVS3iWGlqJ+g==",
					"dev": true,
					"requires": {
						"inherits": "2",
						"minimatch": "0.3"
					}
				},
				"inherits": {
					"version": "2.0.4",
					"resolved": "https://registry.npmmirror.com/inherits/download/inherits-2.0.4.tgz",
					"integrity": "sha1-D6LGT5MpF8NDOg3tVTY6rjdBa3w=",
					"dev": true
				},
				"lodash": {
					"version": "2.4.2",
					"resolved": "https://registry.npmmirror.com/lodash/download/lodash-2.4.2.tgz",
					"integrity": "sha512-Kak1hi6/hYHGVPmdyiZijoQyz5x2iGVzs6w9GYB/HiXEtylY7tIoYEROMjvM1d9nXJqPOrG2MNPMn01bJ+S0Rw==",
					"dev": true
				},
				"minimatch": {
					"version": "0.3.0",
					"resolved": "https://registry.npmmirror.com/minimatch/download/minimatch-0.3.0.tgz",
					"integrity": "sha1-J12O2qxPG7MyZHIInnlJyDlGmd0=",
					"dev": true,
					"requires": {
						"lru-cache": "2",
						"sigmund": "~1.0.0"
					}
				}
			}
		},
		"getobject": {
			"version": "0.1.0",
			"resolved": "https://registry.npmmirror.com/getobject/download/getobject-0.1.0.tgz",
			"integrity": "sha1-BHpEl4n6Fg0Bj1SG7ZEyC27HiFw=",
			"dev": true
		},
		"glob": {
			"version": "3.1.21",
			"resolved": "https://registry.npmmirror.com/glob/download/glob-3.1.21.tgz",
			"integrity": "sha512-ANhy2V2+tFpRajE3wN4DhkNQ08KDr0Ir1qL12/cUe5+a7STEK8jkW4onUYuY8/06qAFuT5je7mjAqzx0eKI2tQ==",
			"dev": true,
			"requires": {
				"graceful-fs": "~1.2.0",
				"inherits": "1",
				"minimatch": "~0.2.11"
			}
		},
		"graceful-fs": {
			"version": "1.2.3",
			"resolved": "https://registry.npmmirror.com/graceful-fs/download/graceful-fs-1.2.3.tgz",
			"integrity": "sha1-FaSAaldUfLLS2/J/QuiajDRRs2Q=",
			"dev": true
		},
		"grunt": {
			"version": "0.4.5",
			"resolved": "https://registry.npmmirror.com/grunt/download/grunt-0.4.5.tgz",
			"integrity": "sha1-VpN81RlDJK3/bSB2MYMqnWuk5/A=",
			"dev": true,
			"requires": {
				"async": "~0.1.22",
				"coffee-script": "~1.3.3",
				"colors": "~0.6.2",
				"dateformat": "1.0.2-1.2.3",
				"eventemitter2": "~0.4.13",
				"exit": "~0.1.1",
				"findup-sync": "~0.1.2",
				"getobject": "~0.1.0",
				"glob": "~3.1.21",
				"grunt-legacy-log": "~0.1.0",
				"grunt-legacy-util": "~0.2.0",
				"hooker": "~0.2.3",
				"iconv-lite": "~0.2.11",
				"js-yaml": "~2.0.5",
				"lodash": "~0.9.2",
				"minimatch": "~0.2.12",
				"nopt": "~1.0.10",
				"rimraf": "~2.2.8",
				"underscore.string": "~2.2.1",
				"which": "~1.0.5"
			}
		},
		"grunt-contrib-compress": {
			"version": "0.5.3",
			"resolved": "https://registry.npmmirror.com/grunt-contrib-compress/download/grunt-contrib-compress-0.5.3.tgz",
			"integrity": "sha1-ujtbL/Q4xFMFeeaWLKuAaWWA6+0=",
			"dev": true,
			"requires": {
				"archiver": "~0.4.2",
				"lazystream": "~0.1.0",
				"prettysize": "~0.0.2"
			}
		},
		"grunt-contrib-concat": {
			"version": "0.3.0",
			"resolved": "https://registry.npmmirror.com/grunt-contrib-concat/download/grunt-contrib-concat-0.3.0.tgz",
			"integrity": "sha1-SPoNQzbSm2U62CJaa9b4VrRIPjI=",
			"dev": true,
			"requires": {}
		},
		"grunt-contrib-uglify": {
			"version": "0.2.7",
			"resolved": "https://registry.npmmirror.com/grunt-contrib-uglify/download/grunt-contrib-uglify-0.2.7.tgz",
			"integrity": "sha1-5r2lHgxAoUWfbOrUI8Ze/XJaG/c=",
			"dev": true,
			"requires": {
				"grunt-lib-contrib": "~0.6.1",
				"uglify-js": "~2.4.0"
			}
		},
		"grunt-legacy-log": {
			"version": "0.1.3",
			"resolved": "https://registry.npmmirror.com/grunt-legacy-log/download/grunt-legacy-log-0.1.3.tgz",
			"integrity": "sha1-7ClCboAwIa9ZAp+H0vnNczWgVTE=",
			"dev": true,
			"requires": {
				"colors": "~0.6.2",
				"grunt-legacy-log-utils": "~0.1.1",
				"hooker": "~0.2.3",
				"lodash": "~2.4.1",
				"underscore.string": "~2.3.3"
			},
			"dependencies": {
				"lodash": {
					"version": "2.4.2",
					"resolved": "https://registry.npmmirror.com/lodash/download/lodash-2.4.2.tgz",
					"integrity": "sha512-Kak1hi6/hYHGVPmdyiZijoQyz5x2iGVzs6w9GYB/HiXEtylY7tIoYEROMjvM1d9nXJqPOrG2MNPMn01bJ+S0Rw==",
					"dev": true
				},
				"underscore.string": {
					"version": "2.3.3",
					"resolved": "https://registry.npmmirror.com/underscore.string/download/underscore.string-2.3.3.tgz",
					"integrity": "sha1-ccCL9rQosRM/N+ePo6Icgvcymw0=",
					"dev": true
				}
			}
		},
		"grunt-legacy-log-utils": {
			"version": "0.1.1",
			"resolved": "https://registry.npmmirror.com/grunt-legacy-log-utils/download/grunt-legacy-log-utils-0.1.1.tgz",
			"integrity": "sha1-wHBrndkGThFvNvI/5OawSGcsD34=",
			"dev": true,
			"requires": {
				"colors": "~0.6.2",
				"lodash": "~2.4.1",
				"underscore.string": "~2.3.3"
			},
			"dependencies": {
				"lodash": {
					"version": "2.4.2",
					"resolved": "https://registry.npmmirror.com/lodash/download/lodash-2.4.2.tgz",
					"integrity": "sha512-Kak1hi6/hYHGVPmdyiZijoQyz5x2iGVzs6w9GYB/HiXEtylY7tIoYEROMjvM1d9nXJqPOrG2MNPMn01bJ+S0Rw==",
					"dev": true
				},
				"underscore.string": {
					"version": "2.3.3",
					"resolved": "https://registry.npmmirror.com/underscore.string/download/underscore.string-2.3.3.tgz",
					"integrity": "sha1-ccCL9rQosRM/N+ePo6Icgvcymw0=",
					"dev": true
				}
			}
		},
		"grunt-legacy-util": {
			"version": "0.2.0",
			"resolved": "https://registry.npmmirror.com/grunt-legacy-util/download/grunt-legacy-util-0.2.0.tgz",
			"integrity": "sha1-kzJIhNv343qf98Am3/RR2UqeVUs=",
			"dev": true,
			"requires": {
				"async": "~0.1.22",
				"exit": "~0.1.1",
				"getobject": "~0.1.0",
				"hooker": "~0.2.3",
				"lodash": "~0.9.2",
				"underscore.string": "~2.2.1",
				"which": "~1.0.5"
			}
		},
		"grunt-lib-contrib": {
			"version": "0.6.1",
			"resolved": "https://registry.npmmirror.com/grunt-lib-contrib/download/grunt-lib-contrib-0.6.1.tgz",
			"integrity": "sha1-P1att9oG6BR5XuJBWw6+X7iQPrs=",
			"dev": true,
			"requires": {
				"zlib-browserify": "0.0.1"
			}
		},
		"hooker": {
			"version": "0.2.3",
			"resolved": "https://registry.npmmirror.com/hooker/download/hooker-0.2.3.tgz",
			"integrity": "sha1-uDT3I8xKJCqmWWNFnfbZhMXT2Vk=",
			"dev": true
		},
		"iconv-lite": {
			"version": "0.2.11",
			"resolved": "https://registry.npmmirror.com/iconv-lite/download/iconv-lite-0.2.11.tgz",
			"integrity": "sha1-HOYKOleGSiktEyH/RgnKS7llrcg=",
			"dev": true
		},
		"inherits": {
			"version": "1.0.2",
			"resolved": "https://registry.npmmirror.com/inherits/download/inherits-1.0.2.tgz",
			"integrity": "sha1-ykMJ2t7mtUzAuNJH6NfHoJdb3Js=",
			"dev": true
		},
		"isarray": {
			"version": "0.0.1",
			"resolved": "https://registry.npmmirror.com/isarray/download/isarray-0.0.1.tgz",
			"integrity": "sha1-ihis/Kmo9Bd+Cav8YDiTmwXR7t8=",
			"dev": true
		},
		"js-yaml": {
			"version": "2.0.5",
			"resolved": "https://registry.npmmirror.com/js-yaml/download/js-yaml-2.0.5.tgz",
			"integrity": "sha512-VEKcIksckDBUhg2JS874xVouiPkywVUh4yyUmLCDe1Zg3bCd6M+F1eGPenPeHLc2XC8pp9G8bsuofK0NeEqRkA==",
			"dev": true,
			"requires": {
				"argparse": "~ 0.1.11",
				"esprima": "~ 1.0.2"
			}
		},
		"lazystream": {
			"version": "0.1.0",
			"resolved": "https://registry.npmmirror.com/lazystream/download/lazystream-0.1.0.tgz?cache=0&sync_timestamp=1635318197718&other_urls=https%3A%2F%2Fregistry.npmmirror.com%2Flazystream%2Fdownload%2Flazystream-0.1.0.tgz",
			"integrity": "sha1-GyXWPHcqTCDwpe0KnXf0hLbhaSA=",
			"dev": true,
			"requires": {
				"readable-stream": "~1.0.2"
			}
		},
		"lodash": {
			"version": "0.9.2",
			"resolved": "https://registry.npmmirror.com/lodash/download/lodash-0.9.2.tgz",
			"integrity": "sha512-LVbt/rjK62gSbhehDVKL0vlaime4Y1IBixL+bKeNfoY4L2zab/jGrxU6Ka05tMA/zBxkTk5t3ivtphdyYupczw==",
			"dev": true
		},
		"lru-cache": {
			"version": "2.7.3",
			"resolved": "https://registry.npmmirror.com/lru-cache/download/lru-cache-2.7.3.tgz",
			"integrity": "sha1-bUUk6LlV+V1PW1iFHOId1y+06VI=",
			"dev": true
		},
		"minimatch": {
			"version": "0.2.14",
			"resolved": "https://registry.npmmirror.com/minimatch/download/minimatch-0.2.14.tgz",
			"integrity": "sha1-x054BXT2PG+aCQ6Q775u9TpqdWo=",
			"dev": true,
			"requires": {
				"lru-cache": "2",
				"sigmund": "~1.0.0"
			}
		},
		"nopt": {
			"version": "1.0.10",
			"resolved": "https://registry.npmmirror.com/nopt/download/nopt-1.0.10.tgz",
			"integrity": "sha1-bd0hvSoxQXuScn3Vhfim83YI6+4=",
			"dev": true,
			"requires": {
				"abbrev": "1"
			}
		},
		"prettysize": {
			"version": "0.0.3",
			"resolved": "https://registry.npmmirror.com/prettysize/download/prettysize-0.0.3.tgz",
			"integrity": "sha1-FK//amReWRpN3xxykZwjtBRhgaE=",
			"dev": true
		},
		"readable-stream": {
			"version": "1.0.34",
			"resolved": "https://registry.npmmirror.com/readable-stream/download/readable-stream-1.0.34.tgz",
			"integrity": "sha1-Elgg40vIQtLyqq+v5MKRbuMsFXw=",
			"dev": true,
			"requires": {
				"core-util-is": "~1.0.0",
				"inherits": "~2.0.1",
				"isarray": "0.0.1",
				"string_decoder": "~0.10.x"
			},
			"dependencies": {
				"inherits": {
					"version": "2.0.4",
					"resolved": "https://registry.npmmirror.com/inherits/download/inherits-2.0.4.tgz",
					"integrity": "sha1-D6LGT5MpF8NDOg3tVTY6rjdBa3w=",
					"dev": true
				}
			}
		},
		"rimraf": {
			"version": "2.2.8",
			"resolved": "https://registry.npmmirror.com/rimraf/download/rimraf-2.2.8.tgz",
			"integrity": "sha1-5Dm+Kq7jJzIZUnMPmaiSnk/FBYI=",
			"dev": true
		},
		"sigmund": {
			"version": "1.0.1",
			"resolved": "https://registry.npmmirror.com/sigmund/download/sigmund-1.0.1.tgz",
			"integrity": "sha1-P/IfGYytIXX587eBhT/ZTQ0ZtZA=",
			"dev": true
		},
		"source-map": {
			"version": "0.1.34",
			"resolved": "https://registry.npmmirror.com/source-map/download/source-map-0.1.34.tgz?cache=0&sync_timestamp=1632388784710&other_urls=https%3A%2F%2Fregistry.npmmirror.com%2Fsource-map%2Fdownload%2Fsource-map-0.1.34.tgz",
			"integrity": "sha1-p8/omux7FoLDsZjQrPtH19CQVms=",
			"dev": true,
			"requires": {
				"amdefine": ">=0.0.4"
			}
		},
		"string_decoder": {
			"version": "0.10.31",
			"resolved": "https://registry.npmmirror.com/string_decoder/download/string_decoder-0.10.31.tgz",
			"integrity": "sha1-YuIDvEF2bGwoyfyEMB2rHFMQ+pQ=",
			"dev": true
		},
		"uglify-js": {
			"version": "2.4.24",
			"resolved": "https://registry.npmmirror.com/uglify-js/download/uglify-js-2.4.24.tgz",
			"integrity": "sha1-+tV1XB4Vd2WLsG/5q25UjJW+vW4=",
			"dev": true,
			"requires": {
				"async": "~0.2.6",
				"source-map": "0.1.34",
				"uglify-to-browserify": "~1.0.0",
				"yargs": "~3.5.4"
			},
			"dependencies": {
				"async": {
					"version": "0.2.10",
					"resolved": "https://registry.npmmirror.com/async/download/async-0.2.10.tgz",
					"integrity": "sha1-trvgsGdLnXGXCMo43owjfLUmw9E=",
					"dev": true
				}
			}
		},
		"uglify-to-browserify": {
			"version": "1.0.2",
			"resolved": "https://registry.npmmirror.com/uglify-to-browserify/download/uglify-to-browserify-1.0.2.tgz",
			"integrity": "sha1-bgkk1r2mta/jSeOabWMoUKD4grc=",
			"dev": true
		},
		"underscore": {
			"version": "1.7.0",
			"resolved": "https://registry.npmmirror.com/underscore/download/underscore-1.7.0.tgz",
			"integrity": "sha512-cp0oQQyZhUM1kpJDLdGO1jPZHgS/MpzoWYfe9+CM2h/QGDZlqwT2T3YGukuBdaNJ/CAPoeyAZRRHz8JFo176vA==",
			"dev": true
		},
		"underscore.string": {
			"version": "2.2.1",
			"resolved": "https://registry.npmmirror.com/underscore.string/download/underscore.string-2.2.1.tgz",
			"integrity": "sha1-18D6KvXVoaZ/QlPa7pgTLnM/Dxk=",
			"dev": true
		},
		"which": {
			"version": "1.0.9",
			"resolved": "https://registry.npmmirror.com/which/download/which-1.0.9.tgz",
			"integrity": "sha1-RgwdoPgQED0DIam2M6+eV15kSG8=",
			"dev": true
		},
		"window-size": {
			"version": "0.1.0",
			"resolved": "https://registry.npmmirror.com/window-size/download/window-size-0.1.0.tgz",
			"integrity": "sha1-VDjNLqk7IC76Ohn+iIeu58lPnJ0=",
			"dev": true
		},
		"wordwrap": {
			"version": "0.0.2",
			"resolved": "https://registry.npmmirror.com/wordwrap/download/wordwrap-0.0.2.tgz",
			"integrity": "sha1-t5Zpu0LstAn4PVg8rVLKF+qhZD8=",
			"dev": true
		},
		"yargs": {
			"version": "3.5.4",
			"resolved": "https://registry.npmmirror.com/yargs/download/yargs-3.5.4.tgz",
			"integrity": "sha1-2K/49mXpTDS9JZvevRv68N3TU2E=",
			"dev": true,
			"requires": {
				"camelcase": "^1.0.2",
				"decamelize": "^1.0.0",
				"window-size": "0.1.0",
				"wordwrap": "0.0.2"
			}
		},
		"zlib-browserify": {
			"version": "0.0.1",
			"resolved": "https://registry.npmmirror.com/zlib-browserify/download/zlib-browserify-0.0.1.tgz",
			"integrity": "sha1-T6akXQDbwV8xikr6HZr8Aljhdsw=",
			"dev": true
		}
	}
}
